
Microsoft Visual Studio Solution File, Format Version 12.00
# Visual Studio Version 16
VisualStudioVersion = 16.0.36631.11
MinimumVisualStudioVersion = 10.0.40219.1
Project("{FAE04EC0-301F-11D3-BF4B-00C04F79EFBC}") = "CapaPresentacionAdmin", "CapaPresentacionAdmin\CapaPresentacionAdmin.csproj", "{C1A30AFD-AA1B-47CF-898D-52D31310BA57}"
EndProject
Project("{FAE04EC0-301F-11D3-BF4B-00C04F79EFBC}") = "CapaPresentacionTienda", "CapaPresentacionTienda\CapaPresentacionTienda.csproj", "{D275171A-E96C-4BFC-8782-BD1116951046}"
EndProject
Project("{FAE04EC0-301F-11D3-BF4B-00C04F79EFBC}") = "CapaDatos", "CapaDatos\CapaDatos.csproj", "{17DE33EE-6E94-4600-85F8-2E9B82B8E7A6}"
EndProject
Project("{FAE04EC0-301F-11D3-BF4B-00C04F79EFBC}") = "CapaEntidad", "CapaEntidad\CapaEntidad.csproj", "{A20BBD77-46B1-4929-A8AD-25B1A21BA246}"
EndProject
Project("{FAE04EC0-301F-11D3-BF4B-00C04F79EFBC}") = "CapaNegocio", "CapaNegocio\CapaNegocio.csproj", "{22263AA2-8ACC-455A-9543-AECEFB9452F2}"
EndProject
Global
	GlobalSection(SolutionConfigurationPlatforms) = preSolution
		Debug|Any CPU = Debug|Any CPU
		Release|Any CPU = Release|Any CPU
	EndGlobalSection
	GlobalSection(ProjectConfigurationPlatforms) = postSolution
		{C1A30AFD-AA1B-47CF-898D-52D31310BA57}.Debug|Any CPU.ActiveCfg = Debug|Any CPU
		{C1A30AFD-AA1B-47CF-898D-52D31310BA57}.Debug|Any CPU.Build.0 = Debug|Any CPU
		{C1A30AFD-AA1B-47CF-898D-52D31310BA57}.Release|Any CPU.ActiveCfg = Release|Any CPU
		{C1A30AFD-AA1B-47CF-898D-52D31310BA57}.Release|Any CPU.Build.0 = Release|Any CPU
		{D275171A-E96C-4BFC-8782-BD1116951046}.Debug|Any CPU.ActiveCfg = Debug|Any CPU
		{D275171A-E96C-4BFC-8782-BD1116951046}.Debug|Any CPU.Build.0 = Debug|Any CPU
		{D275171A-E96C-4BFC-8782-BD1116951046}.Release|Any CPU.ActiveCfg = Release|Any CPU
		{D275171A-E96C-4BFC-8782-BD1116951046}.Release|Any CPU.Build.0 = Release|Any CPU
		{17DE33EE-6E94-4600-85F8-2E9B82B8E7A6}.Debug|Any CPU.ActiveCfg = Debug|Any CPU
		{17DE33EE-6E94-4600-85F8-2E9B82B8E7A6}.Debug|Any CPU.Build.0 = Debug|Any CPU
		{17DE33EE-6E94-4600-85F8-2E9B82B8E7A6}.Release|Any CPU.ActiveCfg = Release|Any CPU
		{17DE33EE-6E94-4600-85F8-2E9B82B8E7A6}.Release|Any CPU.Build.0 = Release|Any CPU
		{A20BBD77-46B1-4929-A8AD-25B1A21BA246}.Debug|Any CPU.ActiveCfg = Debug|Any CPU
		{A20BBD77-46B1-4929-A8AD-25B1A21BA246}.Debug|Any CPU.Build.0 = Debug|Any CPU
		{A20BBD77-46B1-4929-A8AD-25B1A21BA246}.Release|Any CPU.ActiveCfg = Release|Any CPU
		{A20BBD77-46B1-4929-A8AD-25B1A21BA246}.Release|Any CPU.Build.0 = Release|Any CPU
		{22263AA2-8ACC-455A-9543-AECEFB9452F2}.Debug|Any CPU.ActiveCfg = Debug|Any CPU
		{22263AA2-8ACC-455A-9543-AECEFB9452F2}.Debug|Any CPU.Build.0 = Debug|Any CPU
		{22263AA2-8ACC-455A-9543-AECEFB9452F2}.Release|Any CPU.ActiveCfg = Release|Any CPU
		{22263AA2-8ACC-455A-9543-AECEFB9452F2}.Release|Any CPU.Build.0 = Release|Any CPU
	EndGlobalSection
	GlobalSection(SolutionProperties) = preSolution
		HideSolutionNode = FALSE
	EndGlobalSection
	GlobalSection(ExtensibilityGlobals) = postSolution
		SolutionGuid = {F650D532-C205-4E6F-B4C8-A38AAB1ADFBA}
	EndGlobalSection
EndGlobal
